
Microsoft Visual Studio Solution File, Format Version 12.00
Project("{2150E333-8FDC-42A3-9474-1A3956D46DE8}") = "S04-Blazor", "S04-Blazor", "{2B425322-2349-4510-B816-195116FBFA23}"
EndProject
Project("{FAE04EC0-301F-11D3-BF4B-00C04F79EFBC}") = "S04-Ex02_Todo", "Session04\S04-Ex02_Todo\S04-Ex02_Todo.csproj", "{91A4A709-486E-47F3-AFC0-6AF376ACBD2A}"
EndProject
Project("{FAE04EC0-301F-11D3-BF4B-00C04F79EFBC}") = "S04-Ex03_Bakery", "Session04\S04-Ex03_Bakery\S04-Ex03_Bakery.csproj", "{C814515A-C55C-4D2D-864A-45959629EE12}"
EndProject
Project("{2150E333-8FDC-42A3-9474-1A3956D46DE8}") = "S05-Login", "S05-Login", "{E06D41A5-E6BC-483F-8CF0-E6F4E6A1BFBA}"
EndProject
Project("{FAE04EC0-301F-11D3-BF4B-00C04F79EFBC}") = "S05-Ex01_Auth", "Session05\S05-Ex01_Auth\S05-Ex01_Auth.csproj", "{A841BFDF-0FEC-45F2-AFDD-724817B814C3}"
EndProject
Project("{FAE04EC0-301F-11D3-BF4B-00C04F79EFBC}") = "S05-Ex02_AuthWithTailwind", "Session05\S05-Ex02_AuthWithTailwind\S05-Ex02_AuthWithTailwind.csproj", "{CF83FBDC-792B-4A6E-854D-AC2628C7DCFE}"
EndProject
Project("{2150E333-8FDC-42A3-9474-1A3956D46DE8}") = "S07-API", "S07-API", "{6C5C8510-594B-4C37-83F5-1AF4D194E3CA}"
EndProject
Project("{FAE04EC0-301F-11D3-BF4B-00C04F79EFBC}") = "S07-Ex01_TodoWebAPI", "Session07\S07-Ex01_TodoWebAPI\S07-Ex01_TodoWebAPI.csproj", "{75B9FF2F-2EBB-44A9-8A46-6780545816A4}"
EndProject
Project("{2150E333-8FDC-42A3-9474-1A3956D46DE8}") = "S01-Intro", "S01-Intro", "{B48EDF17-534C-419D-B0B9-B3EE8715E5F8}"
EndProject
Project("{FAE04EC0-301F-11D3-BF4B-00C04F79EFBC}") = "S01-Ex03_Person", "Session01\S01-Ex03_Person\S01-Ex03_Person.csproj", "{6D4D373C-8267-4EAB-831D-2BC313B279BF}"
EndProject
Project("{FAE04EC0-301F-11D3-BF4B-00C04F79EFBC}") = "S01-Ex01-Toturial", "Session01\S01-Ex01-Toturial\S01-Ex01-Toturial.csproj", "{30CADA36-CDAC-47E9-A0FF-E7DFC1BBD803}"
EndProject
Project("{FAE04EC0-301F-11D3-BF4B-00C04F79EFBC}") = "S01-Ex02_Structure", "Session01\S01-Ex02_Structure\S01-Ex02_Structure.csproj", "{5446324C-7573-476D-8192-B3CC55798F66}"
EndProject
Project("{FAE04EC0-301F-11D3-BF4B-00C04F79EFBC}") = "S01-Ex04_PrintingNumbers", "Session01\S01-Ex04_PrintingNumbers\S01-Ex04_PrintingNumbers.csproj", "{8F57B382-08DA-40FF-A613-74D8E7AF2561}"
EndProject
Project("{FAE04EC0-301F-11D3-BF4B-00C04F79EFBC}") = "S01-Ex05_MathNamespace", "Session01\S01-Ex05_MathNamespace\S01-Ex05_MathNamespace.csproj", "{B768B7CC-CD6E-44D6-95FD-391C4ECE2456}"
EndProject
Project("{FAE04EC0-301F-11D3-BF4B-00C04F79EFBC}") = "S01-Ex06_MoreMathWithInput", "Session01\S01-Ex06_MoreMathWithInput\S01-Ex06_MoreMathWithInput.csproj", "{52A11FA9-DFFA-4FE5-A48E-7B879B805E2F}"
EndProject
Project("{FAE04EC0-301F-11D3-BF4B-00C04F79EFBC}") = "S01-Ex07_ABBA", "Session01\S01-Ex07_ABBA\S01-Ex07_ABBA.csproj", "{762AED78-068D-4182-AB3C-EC1E9E9E556D}"
EndProject
Project("{FAE04EC0-301F-11D3-BF4B-00C04F79EFBC}") = "S01-Ex08_SurroundWith", "Session01\S01-Ex08_SurroundWith\S01-Ex08_SurroundWith.csproj", "{61B752E0-27FE-49BC-BBD1-7029A5D95831}"
EndProject
Project("{FAE04EC0-301F-11D3-BF4B-00C04F79EFBC}") = "S01-Ex09_Substring", "Session01\S01-Ex09_Substring\S01-Ex09_Substring.csproj", "{6B9D3EAA-0AD3-43C7-8F6E-EC03C9FCA486}"
EndProject
Project("{FAE04EC0-301F-11D3-BF4B-00C04F79EFBC}") = "S01-Ex10_BiggestDifference", "Session01\S01-Ex10_BiggestDifference\S01-Ex10_BiggestDifference.csproj", "{C5764C0B-7544-4838-A4B8-890F291CA0E2}"
EndProject
Project("{FAE04EC0-301F-11D3-BF4B-00C04F79EFBC}") = "S01-Ex11_ArrayClumps", "Session01\S01-Ex11_ArrayClumps\S01-Ex11_ArrayClumps.csproj", "{E4995E81-4A45-416B-8799-6FA39E54BFD8}"
EndProject
Project("{2150E333-8FDC-42A3-9474-1A3956D46DE8}") = "S02-MoreCsharp", "S02-MoreCsharp", "{E0422DAD-A0FB-4CE4-AEB9-A0AAB4B3F514}"
EndProject
Project("{FAE04EC0-301F-11D3-BF4B-00C04F79EFBC}") = "S02-Ex01_Polymorphism", "Session02\S02-Ex01_Polymorphism\S02-Ex01_Polymorphism.csproj", "{07970CEB-A0EF-4630-9BBD-158BA8400C0A}"
EndProject
Project("{FAE04EC0-301F-11D3-BF4B-00C04F79EFBC}") = "S04-Ex01_BlazorIntro", "Session04\S04-Ex01_BlazorIntro\S04-Ex01_BlazorIntro.csproj", "{285412FB-962C-422B-8E51-69DCF349BFCB}"
EndProject
Project("{FAE04EC0-301F-11D3-BF4B-00C04F79EFBC}") = "S02-Ex05_CarAndPredicates", "Session02\S02-Ex05_CarAndPredicates\S02-Ex05_CarAndPredicates.csproj", "{8B0C1AE2-3513-4B02-B995-CF97B85EABEC}"
EndProject
Project("{FAE04EC0-301F-11D3-BF4B-00C04F79EFBC}") = "S02-Ex04_DoctorsWaitingRoom", "Session02\S02-Ex04_DoctorsWaitingRoom\S02-Ex04_DoctorsWaitingRoom.csproj", "{459E279C-5380-44CC-8965-89A468C4847C}"
EndProject
Project("{FAE04EC0-301F-11D3-BF4B-00C04F79EFBC}") = "S04-Ex04_TicTacToe", "Session04\S04-Ex04_TicTacToe\S04-Ex04_TicTacToe.csproj", "{86738691-55AB-4A03-9E9E-97B142AD53C5}"
EndProject
Global
	GlobalSection(SolutionConfigurationPlatforms) = preSolution
		Debug|Any CPU = Debug|Any CPU
		Release|Any CPU = Release|Any CPU
	EndGlobalSection
	GlobalSection(NestedProjects) = preSolution
		{91A4A709-486E-47F3-AFC0-6AF376ACBD2A} = {2B425322-2349-4510-B816-195116FBFA23}
		{C814515A-C55C-4D2D-864A-45959629EE12} = {2B425322-2349-4510-B816-195116FBFA23}
		{A841BFDF-0FEC-45F2-AFDD-724817B814C3} = {E06D41A5-E6BC-483F-8CF0-E6F4E6A1BFBA}
		{CF83FBDC-792B-4A6E-854D-AC2628C7DCFE} = {E06D41A5-E6BC-483F-8CF0-E6F4E6A1BFBA}
		{75B9FF2F-2EBB-44A9-8A46-6780545816A4} = {6C5C8510-594B-4C37-83F5-1AF4D194E3CA}
		{6D4D373C-8267-4EAB-831D-2BC313B279BF} = {B48EDF17-534C-419D-B0B9-B3EE8715E5F8}
		{30CADA36-CDAC-47E9-A0FF-E7DFC1BBD803} = {B48EDF17-534C-419D-B0B9-B3EE8715E5F8}
		{5446324C-7573-476D-8192-B3CC55798F66} = {B48EDF17-534C-419D-B0B9-B3EE8715E5F8}
		{8F57B382-08DA-40FF-A613-74D8E7AF2561} = {B48EDF17-534C-419D-B0B9-B3EE8715E5F8}
		{B768B7CC-CD6E-44D6-95FD-391C4ECE2456} = {B48EDF17-534C-419D-B0B9-B3EE8715E5F8}
		{52A11FA9-DFFA-4FE5-A48E-7B879B805E2F} = {B48EDF17-534C-419D-B0B9-B3EE8715E5F8}
		{762AED78-068D-4182-AB3C-EC1E9E9E556D} = {B48EDF17-534C-419D-B0B9-B3EE8715E5F8}
		{61B752E0-27FE-49BC-BBD1-7029A5D95831} = {B48EDF17-534C-419D-B0B9-B3EE8715E5F8}
		{6B9D3EAA-0AD3-43C7-8F6E-EC03C9FCA486} = {B48EDF17-534C-419D-B0B9-B3EE8715E5F8}
		{C5764C0B-7544-4838-A4B8-890F291CA0E2} = {B48EDF17-534C-419D-B0B9-B3EE8715E5F8}
		{E4995E81-4A45-416B-8799-6FA39E54BFD8} = {B48EDF17-534C-419D-B0B9-B3EE8715E5F8}
		{07970CEB-A0EF-4630-9BBD-158BA8400C0A} = {E0422DAD-A0FB-4CE4-AEB9-A0AAB4B3F514}
		{285412FB-962C-422B-8E51-69DCF349BFCB} = {2B425322-2349-4510-B816-195116FBFA23}
		{8B0C1AE2-3513-4B02-B995-CF97B85EABEC} = {E0422DAD-A0FB-4CE4-AEB9-A0AAB4B3F514}
		{459E279C-5380-44CC-8965-89A468C4847C} = {E0422DAD-A0FB-4CE4-AEB9-A0AAB4B3F514}
		{86738691-55AB-4A03-9E9E-97B142AD53C5} = {2B425322-2349-4510-B816-195116FBFA23}
	EndGlobalSection
	GlobalSection(ProjectConfigurationPlatforms) = postSolution
		{91A4A709-486E-47F3-AFC0-6AF376ACBD2A}.Debug|Any CPU.ActiveCfg = Debug|Any CPU
		{91A4A709-486E-47F3-AFC0-6AF376ACBD2A}.Debug|Any CPU.Build.0 = Debug|Any CPU
		{91A4A709-486E-47F3-AFC0-6AF376ACBD2A}.Release|Any CPU.ActiveCfg = Release|Any CPU
		{91A4A709-486E-47F3-AFC0-6AF376ACBD2A}.Release|Any CPU.Build.0 = Release|Any CPU
		{C814515A-C55C-4D2D-864A-45959629EE12}.Debug|Any CPU.ActiveCfg = Debug|Any CPU
		{C814515A-C55C-4D2D-864A-45959629EE12}.Debug|Any CPU.Build.0 = Debug|Any CPU
		{C814515A-C55C-4D2D-864A-45959629EE12}.Release|Any CPU.ActiveCfg = Release|Any CPU
		{C814515A-C55C-4D2D-864A-45959629EE12}.Release|Any CPU.Build.0 = Release|Any CPU
		{A841BFDF-0FEC-45F2-AFDD-724817B814C3}.Debug|Any CPU.ActiveCfg = Debug|Any CPU
		{A841BFDF-0FEC-45F2-AFDD-724817B814C3}.Debug|Any CPU.Build.0 = Debug|Any CPU
		{A841BFDF-0FEC-45F2-AFDD-724817B814C3}.Release|Any CPU.ActiveCfg = Release|Any CPU
		{A841BFDF-0FEC-45F2-AFDD-724817B814C3}.Release|Any CPU.Build.0 = Release|Any CPU
		{CF83FBDC-792B-4A6E-854D-AC2628C7DCFE}.Debug|Any CPU.ActiveCfg = Debug|Any CPU
		{CF83FBDC-792B-4A6E-854D-AC2628C7DCFE}.Debug|Any CPU.Build.0 = Debug|Any CPU
		{CF83FBDC-792B-4A6E-854D-AC2628C7DCFE}.Release|Any CPU.ActiveCfg = Release|Any CPU
		{CF83FBDC-792B-4A6E-854D-AC2628C7DCFE}.Release|Any CPU.Build.0 = Release|Any CPU
		{75B9FF2F-2EBB-44A9-8A46-6780545816A4}.Debug|Any CPU.ActiveCfg = Debug|Any CPU
		{75B9FF2F-2EBB-44A9-8A46-6780545816A4}.Debug|Any CPU.Build.0 = Debug|Any CPU
		{75B9FF2F-2EBB-44A9-8A46-6780545816A4}.Release|Any CPU.ActiveCfg = Release|Any CPU
		{75B9FF2F-2EBB-44A9-8A46-6780545816A4}.Release|Any CPU.Build.0 = Release|Any CPU
		{6D4D373C-8267-4EAB-831D-2BC313B279BF}.Debug|Any CPU.ActiveCfg = Debug|Any CPU
		{6D4D373C-8267-4EAB-831D-2BC313B279BF}.Debug|Any CPU.Build.0 = Debug|Any CPU
		{6D4D373C-8267-4EAB-831D-2BC313B279BF}.Release|Any CPU.ActiveCfg = Release|Any CPU
		{6D4D373C-8267-4EAB-831D-2BC313B279BF}.Release|Any CPU.Build.0 = Release|Any CPU
		{30CADA36-CDAC-47E9-A0FF-E7DFC1BBD803}.Debug|Any CPU.ActiveCfg = Debug|Any CPU
		{30CADA36-CDAC-47E9-A0FF-E7DFC1BBD803}.Debug|Any CPU.Build.0 = Debug|Any CPU
		{30CADA36-CDAC-47E9-A0FF-E7DFC1BBD803}.Release|Any CPU.ActiveCfg = Release|Any CPU
		{30CADA36-CDAC-47E9-A0FF-E7DFC1BBD803}.Release|Any CPU.Build.0 = Release|Any CPU
		{5446324C-7573-476D-8192-B3CC55798F66}.Debug|Any CPU.ActiveCfg = Debug|Any CPU
		{5446324C-7573-476D-8192-B3CC55798F66}.Debug|Any CPU.Build.0 = Debug|Any CPU
		{5446324C-7573-476D-8192-B3CC55798F66}.Release|Any CPU.ActiveCfg = Release|Any CPU
		{5446324C-7573-476D-8192-B3CC55798F66}.Release|Any CPU.Build.0 = Release|Any CPU
		{8F57B382-08DA-40FF-A613-74D8E7AF2561}.Debug|Any CPU.ActiveCfg = Debug|Any CPU
		{8F57B382-08DA-40FF-A613-74D8E7AF2561}.Debug|Any CPU.Build.0 = Debug|Any CPU
		{8F57B382-08DA-40FF-A613-74D8E7AF2561}.Release|Any CPU.ActiveCfg = Release|Any CPU
		{8F57B382-08DA-40FF-A613-74D8E7AF2561}.Release|Any CPU.Build.0 = Release|Any CPU
		{B768B7CC-CD6E-44D6-95FD-391C4ECE2456}.Debug|Any CPU.ActiveCfg = Debug|Any CPU
		{B768B7CC-CD6E-44D6-95FD-391C4ECE2456}.Debug|Any CPU.Build.0 = Debug|Any CPU
		{B768B7CC-CD6E-44D6-95FD-391C4ECE2456}.Release|Any CPU.ActiveCfg = Release|Any CPU
		{B768B7CC-CD6E-44D6-95FD-391C4ECE2456}.Release|Any CPU.Build.0 = Release|Any CPU
		{52A11FA9-DFFA-4FE5-A48E-7B879B805E2F}.Debug|Any CPU.ActiveCfg = Debug|Any CPU
		{52A11FA9-DFFA-4FE5-A48E-7B879B805E2F}.Debug|Any CPU.Build.0 = Debug|Any CPU
		{52A11FA9-DFFA-4FE5-A48E-7B879B805E2F}.Release|Any CPU.ActiveCfg = Release|Any CPU
		{52A11FA9-DFFA-4FE5-A48E-7B879B805E2F}.Release|Any CPU.Build.0 = Release|Any CPU
		{762AED78-068D-4182-AB3C-EC1E9E9E556D}.Debug|Any CPU.ActiveCfg = Debug|Any CPU
		{762AED78-068D-4182-AB3C-EC1E9E9E556D}.Debug|Any CPU.Build.0 = Debug|Any CPU
		{762AED78-068D-4182-AB3C-EC1E9E9E556D}.Release|Any CPU.ActiveCfg = Release|Any CPU
		{762AED78-068D-4182-AB3C-EC1E9E9E556D}.Release|Any CPU.Build.0 = Release|Any CPU
		{61B752E0-27FE-49BC-BBD1-7029A5D95831}.Debug|Any CPU.ActiveCfg = Debug|Any CPU
		{61B752E0-27FE-49BC-BBD1-7029A5D95831}.Debug|Any CPU.Build.0 = Debug|Any CPU
		{61B752E0-27FE-49BC-BBD1-7029A5D95831}.Release|Any CPU.ActiveCfg = Release|Any CPU
		{61B752E0-27FE-49BC-BBD1-7029A5D95831}.Release|Any CPU.Build.0 = Release|Any CPU
		{6B9D3EAA-0AD3-43C7-8F6E-EC03C9FCA486}.Debug|Any CPU.ActiveCfg = Debug|Any CPU
		{6B9D3EAA-0AD3-43C7-8F6E-EC03C9FCA486}.Debug|Any CPU.Build.0 = Debug|Any CPU
		{6B9D3EAA-0AD3-43C7-8F6E-EC03C9FCA486}.Release|Any CPU.ActiveCfg = Release|Any CPU
		{6B9D3EAA-0AD3-43C7-8F6E-EC03C9FCA486}.Release|Any CPU.Build.0 = Release|Any CPU
		{C5764C0B-7544-4838-A4B8-890F291CA0E2}.Debug|Any CPU.ActiveCfg = Debug|Any CPU
		{C5764C0B-7544-4838-A4B8-890F291CA0E2}.Debug|Any CPU.Build.0 = Debug|Any CPU
		{C5764C0B-7544-4838-A4B8-890F291CA0E2}.Release|Any CPU.ActiveCfg = Release|Any CPU
		{C5764C0B-7544-4838-A4B8-890F291CA0E2}.Release|Any CPU.Build.0 = Release|Any CPU
		{E4995E81-4A45-416B-8799-6FA39E54BFD8}.Debug|Any CPU.ActiveCfg = Debug|Any CPU
		{E4995E81-4A45-416B-8799-6FA39E54BFD8}.Debug|Any CPU.Build.0 = Debug|Any CPU
		{E4995E81-4A45-416B-8799-6FA39E54BFD8}.Release|Any CPU.ActiveCfg = Release|Any CPU
		{E4995E81-4A45-416B-8799-6FA39E54BFD8}.Release|Any CPU.Build.0 = Release|Any CPU
		{07970CEB-A0EF-4630-9BBD-158BA8400C0A}.Debug|Any CPU.ActiveCfg = Debug|Any CPU
		{07970CEB-A0EF-4630-9BBD-158BA8400C0A}.Debug|Any CPU.Build.0 = Debug|Any CPU
		{07970CEB-A0EF-4630-9BBD-158BA8400C0A}.Release|Any CPU.ActiveCfg = Release|Any CPU
		{07970CEB-A0EF-4630-9BBD-158BA8400C0A}.Release|Any CPU.Build.0 = Release|Any CPU
		{285412FB-962C-422B-8E51-69DCF349BFCB}.Debug|Any CPU.ActiveCfg = Debug|Any CPU
		{285412FB-962C-422B-8E51-69DCF349BFCB}.Debug|Any CPU.Build.0 = Debug|Any CPU
		{285412FB-962C-422B-8E51-69DCF349BFCB}.Release|Any CPU.ActiveCfg = Release|Any CPU
		{285412FB-962C-422B-8E51-69DCF349BFCB}.Release|Any CPU.Build.0 = Release|Any CPU
		{8B0C1AE2-3513-4B02-B995-CF97B85EABEC}.Debug|Any CPU.ActiveCfg = Debug|Any CPU
		{8B0C1AE2-3513-4B02-B995-CF97B85EABEC}.Debug|Any CPU.Build.0 = Debug|Any CPU
		{8B0C1AE2-3513-4B02-B995-CF97B85EABEC}.Release|Any CPU.ActiveCfg = Release|Any CPU
		{8B0C1AE2-3513-4B02-B995-CF97B85EABEC}.Release|Any CPU.Build.0 = Release|Any CPU
		{459E279C-5380-44CC-8965-89A468C4847C}.Debug|Any CPU.ActiveCfg = Debug|Any CPU
		{459E279C-5380-44CC-8965-89A468C4847C}.Debug|Any CPU.Build.0 = Debug|Any CPU
		{459E279C-5380-44CC-8965-89A468C4847C}.Release|Any CPU.ActiveCfg = Release|Any CPU
		{459E279C-5380-44CC-8965-89A468C4847C}.Release|Any CPU.Build.0 = Release|Any CPU
		{86738691-55AB-4A03-9E9E-97B142AD53C5}.Debug|Any CPU.ActiveCfg = Debug|Any CPU
		{86738691-55AB-4A03-9E9E-97B142AD53C5}.Debug|Any CPU.Build.0 = Debug|Any CPU
		{86738691-55AB-4A03-9E9E-97B142AD53C5}.Release|Any CPU.ActiveCfg = Release|Any CPU
		{86738691-55AB-4A03-9E9E-97B142AD53C5}.Release|Any CPU.Build.0 = Release|Any CPU
	EndGlobalSection
EndGlobal
